
Microsoft Visual Studio Solution File, Format Version 12.00
# Visual Studio Version 17
VisualStudioVersion = 17.0.31903.59
MinimumVisualStudioVersion = 10.0.40219.1
Project("{FAE04EC0-301F-11D3-BF4B-00C04F79EFBC}") = "laba2", "laba2.csproj", "{9FCF80E0-2492-4234-87D0-41A6E967ABD3}"
EndProject
Global
	GlobalSection(SolutionConfigurationPlatforms) = preSolution
		Debug|Any CPU = Debug|Any CPU
		Release|Any CPU = Release|Any CPU
	EndGlobalSection
	GlobalSection(ProjectConfigurationPlatforms) = postSolution
		{9FCF80E0-2492-4234-87D0-41A6E967ABD3}.Debug|Any CPU.ActiveCfg = Debug|Any CPU
		{9FCF80E0-2492-4234-87D0-41A6E967ABD3}.Debug|Any CPU.Build.0 = Debug|Any CPU
		{9FCF80E0-2492-4234-87D0-41A6E967ABD3}.Release|Any CPU.ActiveCfg = Release|Any CPU
		{9FCF80E0-2492-4234-87D0-41A6E967ABD3}.Release|Any CPU.Build.0 = Release|Any CPU
	EndGlobalSection
	GlobalSection(SolutionProperties) = preSolution
		HideSolutionNode = FALSE
	EndGlobalSection
	GlobalSection(ExtensibilityGlobals) = postSolution
		SolutionGuid = {20C6954B-606B-46C6-83D9-3D6A84767BA3}
	EndGlobalSection
EndGlobal
